
Microsoft Visual Studio Solution File, Format Version 12.00
# Visual Studio Version 17
VisualStudioVersion = 17.3.32901.215
MinimumVisualStudioVersion = 10.0.40219.1
Project("{FAE04EC0-301F-11D3-BF4B-00C04F79EFBC}") = "Ejercicio1", "Ejercicio1\Ejercicio1.csproj", "{FFD4FD3F-5506-4681-97BA-35941855D30F}"
EndProject
Global
	GlobalSection(SolutionConfigurationPlatforms) = preSolution
		Debug|Any CPU = Debug|Any CPU
		Release|Any CPU = Release|Any CPU
	EndGlobalSection
	GlobalSection(ProjectConfigurationPlatforms) = postSolution
		{FFD4FD3F-5506-4681-97BA-35941855D30F}.Debug|Any CPU.ActiveCfg = Debug|Any CPU
		{FFD4FD3F-5506-4681-97BA-35941855D30F}.Debug|Any CPU.Build.0 = Debug|Any CPU
		{FFD4FD3F-5506-4681-97BA-35941855D30F}.Release|Any CPU.ActiveCfg = Release|Any CPU
		{FFD4FD3F-5506-4681-97BA-35941855D30F}.Release|Any CPU.Build.0 = Release|Any CPU
	EndGlobalSection
	GlobalSection(SolutionProperties) = preSolution
		HideSolutionNode = FALSE
	EndGlobalSection
	GlobalSection(ExtensibilityGlobals) = postSolution
		SolutionGuid = {B20F326A-D838-472A-8B86-C01D63CBBE9C}
	EndGlobalSection
EndGlobal
